// !$*UTF8*$!
{
	archiveVersion = 1;
	classes = {
	};
	objectVersion = 50;
	objects = {

/* Begin PBXBuildFile section */
		12741E24274327350078AA8E /* AppDelegate.swift in Sources */ = {isa = PBXBuildFile; fileRef = 12741E23274327350078AA8E /* AppDelegate.swift */; };
		12741E26274327350078AA8E /* SceneDelegate.swift in Sources */ = {isa = PBXBuildFile; fileRef = 12741E25274327350078AA8E /* SceneDelegate.swift */; };
		12741E28274327350078AA8E /* ViewController.swift in Sources */ = {isa = PBXBuildFile; fileRef = 12741E27274327350078AA8E /* ViewController.swift */; };
		12741E2B274327350078AA8E /* Main.storyboard in Resources */ = {isa = PBXBuildFile; fileRef = 12741E29274327350078AA8E /* Main.storyboard */; };
		12741E2E274327350078AA8E /* CSApps.xcdatamodeld in Sources */ = {isa = PBXBuildFile; fileRef = 12741E2C274327350078AA8E /* CSApps.xcdatamodeld */; };
		12741E30274327370078AA8E /* Assets.xcassets in Resources */ = {isa = PBXBuildFile; fileRef = 12741E2F274327370078AA8E /* Assets.xcassets */; };
		12741E33274327370078AA8E /* LaunchScreen.storyboard in Resources */ = {isa = PBXBuildFile; fileRef = 12741E31274327370078AA8E /* LaunchScreen.storyboard */; };
		12741E3E274327380078AA8E /* CSAppsTests.swift in Sources */ = {isa = PBXBuildFile; fileRef = 12741E3D274327380078AA8E /* CSAppsTests.swift */; };
		12741E49274327380078AA8E /* CSAppsUITests.swift in Sources */ = {isa = PBXBuildFile; fileRef = 12741E48274327380078AA8E /* CSAppsUITests.swift */; };
/* End PBXBuildFile section */

/* Begin PBXContainerItemProxy section */
		12741E3A274327380078AA8E /* PBXContainerItemProxy */ = {
			isa = PBXContainerItemProxy;
			containerPortal = 12741E18274327350078AA8E /* Project object */;
			proxyType = 1;
			remoteGlobalIDString = 12741E1F274327350078AA8E;
			remoteInfo = CSApps;
		};
		12741E45274327380078AA8E /* PBXContainerItemProxy */ = {
			isa = PBXContainerItemProxy;
			containerPortal = 12741E18274327350078AA8E /* Project object */;
			proxyType = 1;
			remoteGlobalIDString = 12741E1F274327350078AA8E;
			remoteInfo = CSApps;
		};
/* End PBXContainerItemProxy section */

/* Begin PBXFileReference section */
		12741E20274327350078AA8E /* CSApps.app */ = {isa = PBXFileReference; explicitFileType = wrapper.application; includeInIndex = 0; path = CSApps.app; sourceTree = BUILT_PRODUCTS_DIR; };
		12741E23274327350078AA8E /* AppDelegate.swift */ = {isa = PBXFileReference; lastKnownFileType = sourcecode.swift; path = AppDelegate.swift; sourceTree = "<group>"; };
		12741E25274327350078AA8E /* SceneDelegate.swift */ = {isa = PBXFileReference; lastKnownFileType = sourcecode.swift; path = SceneDelegate.swift; sourceTree = "<group>"; };
		12741E27274327350078AA8E /* ViewController.swift */ = {isa = PBXFileReference; lastKnownFileType = sourcecode.swift; path = ViewController.swift; sourceTree = "<group>"; };
		12741E2A274327350078AA8E /* Base */ = {isa = PBXFileReference; lastKnownFileType = file.storyboard; name = Base; path = Base.lproj/Main.storyboard; sourceTree = "<group>"; };
		12741E2D274327350078AA8E /* CSApps.xcdatamodel */ = {isa = PBXFileReference; lastKnownFileType = wrapper.xcdatamodel; path = CSApps.xcdatamodel; sourceTree = "<group>"; };
		12741E2F274327370078AA8E /* Assets.xcassets */ = {isa = PBXFileReference; lastKnownFileType = folder.assetcatalog; path = Assets.xcassets; sourceTree = "<group>"; };
		12741E32274327370078AA8E /* Base */ = {isa = PBXFileReference; lastKnownFileType = file.storyboard; name = Base; path = Base.lproj/LaunchScreen.storyboard; sourceTree = "<group>"; };
		12741E34274327370078AA8E /* Info.plist */ = {isa = PBXFileReference; lastKnownFileType = text.plist.xml; path = Info.plist; sourceTree = "<group>"; };
		12741E39274327380078AA8E /* CSAppsTests.xctest */ = {isa = PBXFileReference; explicitFileType = wrapper.cfbundle; includeInIndex = 0; path = CSAppsTests.xctest; sourceTree = BUILT_PRODUCTS_DIR; };
		12741E3D274327380078AA8E /* CSAppsTests.swift */ = {isa = PBXFileReference; lastKnownFileType = sourcecode.swift; path = CSAppsTests.swift; sourceTree = "<group>"; };
		12741E3F274327380078AA8E /* Info.plist */ = {isa = PBXFileReference; lastKnownFileType = text.plist.xml; path = Info.plist; sourceTree = "<group>"; };
		12741E44274327380078AA8E /* CSAppsUITests.xctest */ = {isa = PBXFileReference; explicitFileType = wrapper.cfbundle; includeInIndex = 0; path = CSAppsUITests.xctest; sourceTree = BUILT_PRODUCTS_DIR; };
		12741E48274327380078AA8E /* CSAppsUITests.swift */ = {isa = PBXFileReference; lastKnownFileType = sourcecode.swift; path = CSAppsUITests.swift; sourceTree = "<group>"; };
		12741E4A274327380078AA8E /* Info.plist */ = {isa = PBXFileReference; lastKnownFileType = text.plist.xml; path = Info.plist; sourceTree = "<group>"; };
/* End PBXFileReference section */

/* Begin PBXFrameworksBuildPhase section */
		12741E1D274327350078AA8E /* Frameworks */ = {
			isa = PBXFrameworksBuildPhase;
			buildActionMask = 2147483647;
			files = (
			);
			runOnlyForDeploymentPostprocessing = 0;
		};
		12741E36274327380078AA8E /* Frameworks */ = {
			isa = PBXFrameworksBuildPhase;
			buildActionMask = 2147483647;
			files = (
			);
			runOnlyForDeploymentPostprocessing = 0;
		};
		12741E41274327380078AA8E /* Frameworks */ = {
			isa = PBXFrameworksBuildPhase;
			buildActionMask = 2147483647;
			files = (
			);
			runOnlyForDeploymentPostprocessing = 0;
		};
/* End PBXFrameworksBuildPhase section */

/* Begin PBXGroup section */
		12741E17274327350078AA8E = {
			isa = PBXGroup;
			children = (
				12741E22274327350078AA8E /* CSApps */,
				12741E3C274327380078AA8E /* CSAppsTests */,
				12741E47274327380078AA8E /* CSAppsUITests */,
				12741E21274327350078AA8E /* Products */,
			);
			sourceTree = "<group>";
		};
		12741E21274327350078AA8E /* Products */ = {
			isa = PBXGroup;
			children = (
				12741E20274327350078AA8E /* CSApps.app */,
				12741E39274327380078AA8E /* CSAppsTests.xctest */,
				12741E44274327380078AA8E /* CSAppsUITests.xctest */,
			);
			name = Products;
			sourceTree = "<group>";
		};
		12741E22274327350078AA8E /* CSApps */ = {
			isa = PBXGroup;
			children = (
				12741E23274327350078AA8E /* AppDelegate.swift */,
				12741E25274327350078AA8E /* SceneDelegate.swift */,
				12741E27274327350078AA8E /* ViewController.swift */,
				12741E29274327350078AA8E /* Main.storyboard */,
				12741E2F274327370078AA8E /* Assets.xcassets */,
				12741E31274327370078AA8E /* LaunchScreen.storyboard */,
				12741E34274327370078AA8E /* Info.plist */,
				12741E2C274327350078AA8E /* CSApps.xcdatamodeld */,
			);
			path = CSApps;
			sourceTree = "<group>";
		};
		12741E3C274327380078AA8E /* CSAppsTests */ = {
			isa = PBXGroup;
			children = (
				12741E3D274327380078AA8E /* CSAppsTests.swift */,
				12741E3F274327380078AA8E /* Info.plist */,
			);
			path = CSAppsTests;
			sourceTree = "<group>";
		};
		12741E47274327380078AA8E /* CSAppsUITests */ = {
			isa = PBXGroup;
			children = (
				12741E48274327380078AA8E /* CSAppsUITests.swift */,
				12741E4A274327380078AA8E /* Info.plist */,
			);
			path = CSAppsUITests;
			sourceTree = "<group>";
		};
/* End PBXGroup section */

/* Begin PBXNativeTarget section */
		12741E1F274327350078AA8E /* CSApps */ = {
			isa = PBXNativeTarget;
			buildConfigurationList = 12741E4D274327380078AA8E /* Build configuration list for PBXNativeTarget "CSApps" */;
			buildPhases = (
				12741E1C274327350078AA8E /* Sources */,
				12741E1D274327350078AA8E /* Frameworks */,
				12741E1E274327350078AA8E /* Resources */,
			);
			buildRules = (
			);
			dependencies = (
			);
			name = CSApps;
			productName = CSApps;
			productReference = 12741E20274327350078AA8E /* CSApps.app */;
			productType = "com.apple.product-type.application";
		};
		12741E38274327380078AA8E /* CSAppsTests */ = {
			isa = PBXNativeTarget;
			buildConfigurationList = 12741E50274327380078AA8E /* Build configuration list for PBXNativeTarget "CSAppsTests" */;
			buildPhases = (
				12741E35274327380078AA8E /* Sources */,
				12741E36274327380078AA8E /* Frameworks */,
				12741E37274327380078AA8E /* Resources */,
			);
			buildRules = (
			);
			dependencies = (
				12741E3B274327380078AA8E /* PBXTargetDependency */,
			);
			name = CSAppsTests;
			productName = CSAppsTests;
			productReference = 12741E39274327380078AA8E /* CSAppsTests.xctest */;
			productType = "com.apple.product-type.bundle.unit-test";
		};
		12741E43274327380078AA8E /* CSAppsUITests */ = {
			isa = PBXNativeTarget;
			buildConfigurationList = 12741E53274327380078AA8E /* Build configuration list for PBXNativeTarget "CSAppsUITests" */;
			buildPhases = (
				12741E40274327380078AA8E /* Sources */,
				12741E41274327380078AA8E /* Frameworks */,
				12741E42274327380078AA8E /* Resources */,
			);
			buildRules = (
			);
			dependencies = (
				12741E46274327380078AA8E /* PBXTargetDependency */,
			);
			name = CSAppsUITests;
			productName = CSAppsUITests;
			productReference = 12741E44274327380078AA8E /* CSAppsUITests.xctest */;
			productType = "com.apple.product-type.bundle.ui-testing";
		};
/* End PBXNativeTarget section */

/* Begin PBXProject section */
		12741E18274327350078AA8E /* Project object */ = {
			isa = PBXProject;
			attributes = {
				LastSwiftUpdateCheck = 1250;
				LastUpgradeCheck = 1250;
				TargetAttributes = {
					12741E1F274327350078AA8E = {
						CreatedOnToolsVersion = 12.5.1;
					};
					12741E38274327380078AA8E = {
						CreatedOnToolsVersion = 12.5.1;
						TestTargetID = 12741E1F274327350078AA8E;
					};
					12741E43274327380078AA8E = {
						CreatedOnToolsVersion = 12.5.1;
						TestTargetID = 12741E1F274327350078AA8E;
					};
				};
			};
			buildConfigurationList = 12741E1B274327350078AA8E /* Build configuration list for PBXProject "CSApps" */;
			compatibilityVersion = "Xcode 12.5.1";
			developmentRegion = en;
			hasScannedForEncodings = 0;
			knownRegions = (
				en,
				Base,
			);
			mainGroup = 12741E17274327350078AA8E;
			productRefGroup = 12741E21274327350078AA8E /* Products */;
			projectDirPath = "";
			projectRoot = "";
			targets = (
				12741E1F274327350078AA8E /* CSApps */,
				12741E38274327380078AA8E /* CSAppsTests */,
				12741E43274327380078AA8E /* CSAppsUITests */,
			);
		};
/* End PBXProject section */

/* Begin PBXResourcesBuildPhase section */
		12741E1E274327350078AA8E /* Resources */ = {
			isa = PBXResourcesBuildPhase;
			buildActionMask = 2147483647;
			files = (
				12741E33274327370078AA8E /* LaunchScreen.storyboard in Resources */,
				12741E30274327370078AA8E /* Assets.xcassets in Resources */,
				12741E2B274327350078AA8E /* Main.storyboard in Resources */,
			);
			runOnlyForDeploymentPostprocessing = 0;
		};
		12741E37274327380078AA8E /* Resources */ = {
			isa = PBXResourcesBuildPhase;
			buildActionMask = 2147483647;
			files = (
			);
			runOnlyForDeploymentPostprocessing = 0;
		};
		12741E42274327380078AA8E /* Resources */ = {
			isa = PBXResourcesBuildPhase;
			buildActionMask = 2147483647;
			files = (
			);
			runOnlyForDeploymentPostprocessing = 0;
		};
/* End PBXResourcesBuildPhase section */

/* Begin PBXSourcesBuildPhase section */
		12741E1C274327350078AA8E /* Sources */ = {
			isa = PBXSourcesBuildPhase;
			buildActionMask = 2147483647;
			files = (
				12741E28274327350078AA8E /* ViewController.swift in Sources */,
				12741E2E274327350078AA8E /* CSApps.xcdatamodeld in Sources */,
				12741E24274327350078AA8E /* AppDelegate.swift in Sources */,
				12741E26274327350078AA8E /* SceneDelegate.swift in Sources */,
			);
			runOnlyForDeploymentPostprocessing = 0;
		};
		12741E35274327380078AA8E /* Sources */ = {
			isa = PBXSourcesBuildPhase;
			buildActionMask = 2147483647;
			files = (
				12741E3E274327380078AA8E /* CSAppsTests.swift in Sources */,
			);
			runOnlyForDeploymentPostprocessing = 0;
		};
		12741E40274327380078AA8E /* Sources */ = {
			isa = PBXSourcesBuildPhase;
			buildActionMask = 2147483647;
			files = (
				12741E49274327380078AA8E /* CSAppsUITests.swift in Sources */,
			);
			runOnlyForDeploymentPostprocessing = 0;
		};
/* End PBXSourcesBuildPhase section */

/* Begin PBXTargetDependency section */
		12741E3B274327380078AA8E /* PBXTargetDependency */ = {
			isa = PBXTargetDependency;
			target = 12741E1F274327350078AA8E /* CSApps */;
			targetProxy = 12741E3A274327380078AA8E /* PBXContainerItemProxy */;
		};
		12741E46274327380078AA8E /* PBXTargetDependency */ = {
			isa = PBXTargetDependency;
			target = 12741E1F274327350078AA8E /* CSApps */;
			targetProxy = 12741E45274327380078AA8E /* PBXContainerItemProxy */;
		};
/* End PBXTargetDependency section */

/* Begin PBXVariantGroup section */
		12741E29274327350078AA8E /* Main.storyboard */ = {
			isa = PBXVariantGroup;
			children = (
				12741E2A274327350078AA8E /* Base */,
			);
			name = Main.storyboard;
			sourceTree = "<group>";
		};
		12741E31274327370078AA8E /* LaunchScreen.storyboard */ = {
			isa = PBXVariantGroup;
			children = (
				12741E32274327370078AA8E /* Base */,
			);
			name = LaunchScreen.storyboard;
			sourceTree = "<group>";
		};
/* End PBXVariantGroup section */

/* Begin XCBuildConfiguration section */
		12741E4B274327380078AA8E /* Debug */ = {
			isa = XCBuildConfiguration;
			buildSettings = {
				ALWAYS_SEARCH_USER_PATHS = NO;
				CLANG_ANALYZER_NONNULL = YES;
				CLANG_ANALYZER_NUMBER_OBJECT_CONVERSION = YES_AGGRESSIVE;
				CLANG_CXX_LANGUAGE_STANDARD = "gnu++14";
				CLANG_CXX_LIBRARY = "libc++";
				CLANG_ENABLE_MODULES = YES;
				CLANG_ENABLE_OBJC_ARC = YES;
				CLANG_ENABLE_OBJC_WEAK = YES;
				CLANG_WARN_BLOCK_CAPTURE_AUTORELEASING = YES;
				CLANG_WARN_BOOL_CONVERSION = YES;
				CLANG_WARN_COMMA = YES;
				CLANG_WARN_CONSTANT_CONVERSION = YES;
				CLANG_WARN_DEPRECATED_OBJC_IMPLEMENTATIONS = YES;
				CLANG_WARN_DIRECT_OBJC_ISA_USAGE = YES_ERROR;
				CLANG_WARN_DOCUMENTATION_COMMENTS = YES;
				CLANG_WARN_EMPTY_BODY = YES;
				CLANG_WARN_ENUM_CONVERSION = YES;
				CLANG_WARN_INFINITE_RECURSION = YES;
				CLANG_WARN_INT_CONVERSION = YES;
				CLANG_WARN_NON_LITERAL_NULL_CONVERSION = YES;
				CLANG_WARN_OBJC_IMPLICIT_RETAIN_SELF = YES;
				CLANG_WARN_OBJC_LITERAL_CONVERSION = YES;
				CLANG_WARN_OBJC_ROOT_CLASS = YES_ERROR;
				CLANG_WARN_QUOTED_INCLUDE_IN_FRAMEWORK_HEADER = YES;
				CLANG_WARN_RANGE_LOOP_ANALYSIS = YES;
				CLANG_WARN_STRICT_PROTOTYPES = YES;
				CLANG_WARN_SUSPICIOUS_MOVE = YES;
				CLANG_WARN_UNGUARDED_AVAILABILITY = YES_AGGRESSIVE;
				CLANG_WARN_UNREACHABLE_CODE = YES;
				CLANG_WARN__DUPLICATE_METHOD_MATCH = YES;
				COPY_PHASE_STRIP = NO;
				DEBUG_INFORMATION_FORMAT = dwarf;
				ENABLE_STRICT_OBJC_MSGSEND = YES;
				ENABLE_TESTABILITY = YES;
				GCC_C_LANGUAGE_STANDARD = gnu11;
				GCC_DYNAMIC_NO_PIC = NO;
				GCC_NO_COMMON_BLOCKS = YES;
				GCC_OPTIMIZATION_LEVEL = 0;
				GCC_PREPROCESSOR_DEFINITIONS = (
					"DEBUG=1",
					"$(inherited)",
				);
				GCC_WARN_64_TO_32_BIT_CONVERSION = YES;
				GCC_WARN_ABOUT_RETURN_TYPE = YES_ERROR;
				GCC_WARN_UNDECLARED_SELECTOR = YES;
				GCC_WARN_UNINITIALIZED_AUTOS = YES_AGGRESSIVE;
				GCC_WARN_UNUSED_FUNCTION = YES;
				GCC_WARN_UNUSED_VARIABLE = YES;
				IPHONEOS_DEPLOYMENT_TARGET = 14.5;
				MTL_ENABLE_DEBUG_INFO = INCLUDE_SOURCE;
				MTL_FAST_MATH = YES;
				ONLY_ACTIVE_ARCH = YES;
				SDKROOT = iphoneos;
				SWIFT_ACTIVE_COMPILATION_CONDITIONS = DEBUG;
				SWIFT_OPTIMIZATION_LEVEL = "-Onone";
			};
			name = Debug;
		};
		12741E4C274327380078AA8E /* Release */ = {
			isa = XCBuildConfiguration;
			buildSettings = {
				ALWAYS_SEARCH_USER_PATHS = NO;
				CLANG_ANALYZER_NONNULL = YES;
				CLANG_ANALYZER_NUMBER_OBJECT_CONVERSION = YES_AGGRESSIVE;
				CLANG_CXX_LANGUAGE_STANDARD = "gnu++14";
				CLANG_CXX_LIBRARY = "libc++";
				CLANG_ENABLE_MODULES = YES;
				CLANG_ENABLE_OBJC_ARC = YES;
				CLANG_ENABLE_OBJC_WEAK = YES;
				CLANG_WARN_BLOCK_CAPTURE_AUTORELEASING = YES;
				CLANG_WARN_BOOL_CONVERSION = YES;
				CLANG_WARN_COMMA = YES;
				CLANG_WARN_CONSTANT_CONVERSION = YES;
				CLANG_WARN_DEPRECATED_OBJC_IMPLEMENTATIONS = YES;
				CLANG_WARN_DIRECT_OBJC_ISA_USAGE = YES_ERROR;
				CLANG_WARN_DOCUMENTATION_COMMENTS = YES;
				CLANG_WARN_EMPTY_BODY = YES;
				CLANG_WARN_ENUM_CONVERSION = YES;
				CLANG_WARN_INFINITE_RECURSION = YES;
				CLANG_WARN_INT_CONVERSION = YES;
				CLANG_WARN_NON_LITERAL_NULL_CONVERSION = YES;
				CLANG_WARN_OBJC_IMPLICIT_RETAIN_SELF = YES;
				CLANG_WARN_OBJC_LITERAL_CONVERSION = YES;
				CLANG_WARN_OBJC_ROOT_CLASS = YES_ERROR;
				CLANG_WARN_QUOTED_INCLUDE_IN_FRAMEWORK_HEADER = YES;
				CLANG_WARN_RANGE_LOOP_ANALYSIS = YES;
				CLANG_WARN_STRICT_PROTOTYPES = YES;
				CLANG_WARN_SUSPICIOUS_MOVE = YES;
				CLANG_WARN_UNGUARDED_AVAILABILITY = YES_AGGRESSIVE;
				CLANG_WARN_UNREACHABLE_CODE = YES;
				CLANG_WARN__DUPLICATE_METHOD_MATCH = YES;
				COPY_PHASE_STRIP = NO;
				DEBUG_INFORMATION_FORMAT = "dwarf-with-dsym";
				ENABLE_NS_ASSERTIONS = NO;
				ENABLE_STRICT_OBJC_MSGSEND = YES;
				GCC_C_LANGUAGE_STANDARD = gnu11;
				GCC_NO_COMMON_BLOCKS = YES;
				GCC_WARN_64_TO_32_BIT_CONVERSION = YES;
				GCC_WARN_ABOUT_RETURN_TYPE = YES_ERROR;
				GCC_WARN_UNDECLARED_SELECTOR = YES;
				GCC_WARN_UNINITIALIZED_AUTOS = YES_AGGRESSIVE;
				GCC_WARN_UNUSED_FUNCTION = YES;
				GCC_WARN_UNUSED_VARIABLE = YES;
				IPHONEOS_DEPLOYMENT_TARGET = 14.5;
				MTL_ENABLE_DEBUG_INFO = NO;
				MTL_FAST_MATH = YES;
				SDKROOT = iphoneos;
				SWIFT_COMPILATION_MODE = wholemodule;
				SWIFT_OPTIMIZATION_LEVEL = "-O";
				VALIDATE_PRODUCT = YES;
			};
			name = Release;
		};
		12741E4E274327380078AA8E /* Debug */ = {
			isa = XCBuildConfiguration;
			buildSettings = {
				ASSETCATALOG_COMPILER_APPICON_NAME = AppIcon;
				ASSETCATALOG_COMPILER_GLOBAL_ACCENT_COLOR_NAME = AccentColor;
				CODE_SIGN_STYLE = Automatic;
				INFOPLIST_FILE = CSApps/Info.plist;
				LD_RUNPATH_SEARCH_PATHS = (
					"$(inherited)",
					"@executable_path/Frameworks",
				);
				PRODUCT_BUNDLE_IDENTIFIER = CSApps.CSApps;
				PRODUCT_NAME = "$(TARGET_NAME)";
				SWIFT_VERSION = 5.0;
				TARGETED_DEVICE_FAMILY = "1,2";
			};
			name = Debug;
		};
		12741E4F274327380078AA8E /* Release */ = {
			isa = XCBuildConfiguration;
			buildSettings = {
				ASSETCATALOG_COMPILER_APPICON_NAME = AppIcon;
				ASSETCATALOG_COMPILER_GLOBAL_ACCENT_COLOR_NAME = AccentColor;
				CODE_SIGN_STYLE = Automatic;
				INFOPLIST_FILE = CSApps/Info.plist;
				LD_RUNPATH_SEARCH_PATHS = (
					"$(inherited)",
					"@executable_path/Frameworks",
				);
				PRODUCT_BUNDLE_IDENTIFIER = CSApps.CSApps;
				PRODUCT_NAME = "$(TARGET_NAME)";
				SWIFT_VERSION = 5.0;
				TARGETED_DEVICE_FAMILY = "1,2";
			};
			name = Release;
		};
		12741E51274327380078AA8E /* Debug */ = {
			isa = XCBuildConfiguration;
			buildSettings = {
				ALWAYS_EMBED_SWIFT_STANDARD_LIBRARIES = YES;
				BUNDLE_LOADER = "$(TEST_HOST)";
				CODE_SIGN_STYLE = Automatic;
				INFOPLIST_FILE = CSAppsTests/Info.plist;
				IPHONEOS_DEPLOYMENT_TARGET = 14.5;
				LD_RUNPATH_SEARCH_PATHS = (
					"$(inherited)",
					"@executable_path/Frameworks",
					"@loader_path/Frameworks",
				);
				PRODUCT_BUNDLE_IDENTIFIER = CSApps.CSAppsTests;
				PRODUCT_NAME = "$(TARGET_NAME)";
				SWIFT_VERSION = 5.0;
				TARGETED_DEVICE_FAMILY = "1,2";
				TEST_HOST = "$(BUILT_PRODUCTS_DIR)/CSApps.app/CSApps";
			};
			name = Debug;
		};
		12741E52274327380078AA8E /* Release */ = {
			isa = XCBuildConfiguration;
			buildSettings = {
				ALWAYS_EMBED_SWIFT_STANDARD_LIBRARIES = YES;
				BUNDLE_LOADER = "$(TEST_HOST)";
				CODE_SIGN_STYLE = Automatic;
				INFOPLIST_FILE = CSAppsTests/Info.plist;
				IPHONEOS_DEPLOYMENT_TARGET = 14.5;
				LD_RUNPATH_SEARCH_PATHS = (
					"$(inherited)",
					"@executable_path/Frameworks",
					"@loader_path/Frameworks",
				);
				PRODUCT_BUNDLE_IDENTIFIER = CSApps.CSAppsTests;
				PRODUCT_NAME = "$(TARGET_NAME)";
				SWIFT_VERSION = 5.0;
				TARGETED_DEVICE_FAMILY = "1,2";
				TEST_HOST = "$(BUILT_PRODUCTS_DIR)/CSApps.app/CSApps";
			};
			name = Release;
		};
		12741E54274327380078AA8E /* Debug */ = {
			isa = XCBuildConfiguration;
			buildSettings = {
				ALWAYS_EMBED_SWIFT_STANDARD_LIBRARIES = YES;
				CODE_SIGN_STYLE = Automatic;
				INFOPLIST_FILE = CSAppsUITests/Info.plist;
				LD_RUNPATH_SEARCH_PATHS = (
					"$(inherited)",
					"@executable_path/Frameworks",
					"@loader_path/Frameworks",
				);
				PRODUCT_BUNDLE_IDENTIFIER = CSApps.CSAppsUITests;
				PRODUCT_NAME = "$(TARGET_NAME)";
				SWIFT_VERSION = 5.0;
				TARGETED_DEVICE_FAMILY = "1,2";
				TEST_TARGET_NAME = CSApps;
			};
			name = Debug;
		};
		12741E55274327380078AA8E /* Release */ = {
			isa = XCBuildConfiguration;
			buildSettings = {
				ALWAYS_EMBED_SWIFT_STANDARD_LIBRARIES = YES;
				CODE_SIGN_STYLE = Automatic;
				INFOPLIST_FILE = CSAppsUITests/Info.plist;
				LD_RUNPATH_SEARCH_PATHS = (
					"$(inherited)",
					"@executable_path/Frameworks",
					"@loader_path/Frameworks",
				);
				PRODUCT_BUNDLE_IDENTIFIER = CSApps.CSAppsUITests;
				PRODUCT_NAME = "$(TARGET_NAME)";
				SWIFT_VERSION = 5.0;
				TARGETED_DEVICE_FAMILY = "1,2";
				TEST_TARGET_NAME = CSApps;
			};
			name = Release;
		};
/* End XCBuildConfiguration section */

/* Begin XCConfigurationList section */
		12741E1B274327350078AA8E /* Build configuration list for PBXProject "CSApps" */ = {
			isa = XCConfigurationList;
			buildConfigurations = (
				12741E4B274327380078AA8E /* Debug */,
				12741E4C274327380078AA8E /* Release */,
			);
			defaultConfigurationIsVisible = 0;
			defaultConfigurationName = Release;
		};
		12741E4D274327380078AA8E /* Build configuration list for PBXNativeTarget "CSApps" */ = {
			isa = XCConfigurationList;
			buildConfigurations = (
				12741E4E274327380078AA8E /* Debug */,
				12741E4F274327380078AA8E /* Release */,
			);
			defaultConfigurationIsVisible = 0;
			defaultConfigurationName = Release;
		};
		12741E50274327380078AA8E /* Build configuration list for PBXNativeTarget "CSAppsTests" */ = {
			isa = XCConfigurationList;
			buildConfigurations = (
				12741E51274327380078AA8E /* Debug */,
				12741E52274327380078AA8E /* Release */,
			);
			defaultConfigurationIsVisible = 0;
			defaultConfigurationName = Release;
		};
		12741E53274327380078AA8E /* Build configuration list for PBXNativeTarget "CSAppsUITests" */ = {
			isa = XCConfigurationList;
			buildConfigurations = (
				12741E54274327380078AA8E /* Debug */,
				12741E55274327380078AA8E /* Release */,
			);
			defaultConfigurationIsVisible = 0;
			defaultConfigurationName = Release;
		};
/* End XCConfigurationList section */

/* Begin XCVersionGroup section */
		12741E2C274327350078AA8E /* CSApps.xcdatamodeld */ = {
			isa = XCVersionGroup;
			children = (
				12741E2D274327350078AA8E /* CSApps.xcdatamodel */,
			);
			currentVersion = 12741E2D274327350078AA8E /* CSApps.xcdatamodel */;
			path = CSApps.xcdatamodeld;
			sourceTree = "<group>";
			versionGroupType = wrapper.xcdatamodel;
		};
/* End XCVersionGroup section */
	};
	rootObject = 12741E18274327350078AA8E /* Project object */;
}
